
Microsoft Visual Studio Solution File, Format Version 12.00
# Visual Studio Version 17
VisualStudioVersion = 17.7.34024.191
MinimumVisualStudioVersion = 10.0.40219.1
Project("{2150E333-8FDC-42A3-9474-1A3956D46DE8}") = "Services", "Services", "{899AB82B-8616-4BAB-822E-888DE373A564}"
EndProject
Project("{2150E333-8FDC-42A3-9474-1A3956D46DE8}") = "Catalog", "Catalog", "{A41EDC0F-AF08-4B7C-83E1-244D59476524}"
EndProject
Project("{9A19103F-16F7-4668-BE54-9A1E7A4F7556}") = "MultiShop.Catalog", "Services\Catalog\MultiShop.Catalog\MultiShop.Catalog.csproj", "{A240B0FB-F917-49FC-834D-6B6B399804E4}"
EndProject
Project("{2150E333-8FDC-42A3-9474-1A3956D46DE8}") = "Discount", "Discount", "{F3757C49-9D3C-43E6-BE6D-025036523C36}"
EndProject
Project("{9A19103F-16F7-4668-BE54-9A1E7A4F7556}") = "MultiShop.Discount", "Services\Discount\MultiShop.Discount\MultiShop.Discount.csproj", "{123BABD5-04F5-4E7E-8A97-E4F812A760ED}"
EndProject
Project("{2150E333-8FDC-42A3-9474-1A3956D46DE8}") = "Order", "Order", "{586D2F6E-B583-4243-BF02-098F9AC39F1B}"
EndProject
Project("{2150E333-8FDC-42A3-9474-1A3956D46DE8}") = "Core", "Core", "{3A1CD670-89DA-46BC-BDA5-AE637D0E7128}"
EndProject
Project("{2150E333-8FDC-42A3-9474-1A3956D46DE8}") = "Infrastructure", "Infrastructure", "{53E44017-B55C-4E56-A0AF-AB55D05C61B0}"
EndProject
Project("{2150E333-8FDC-42A3-9474-1A3956D46DE8}") = "Presentation", "Presentation", "{E7ED1ABB-C4F5-40BD-BEB1-2C9202AFDACF}"
EndProject
Project("{9A19103F-16F7-4668-BE54-9A1E7A4F7556}") = "MultiShop.Order.Domain", "Services\Order\Core\MultiShop.Order.Domain\MultiShop.Order.Domain.csproj", "{58C37D32-D9D7-4892-87E5-D62E9F75A6BF}"
EndProject
Project("{9A19103F-16F7-4668-BE54-9A1E7A4F7556}") = "MultiShop.Order.Application", "Services\Order\Core\MultiShop.Order.Application\MultiShop.Order.Application.csproj", "{F4B810D1-DA80-463C-8095-7CE1DF1CE09B}"
EndProject
Project("{9A19103F-16F7-4668-BE54-9A1E7A4F7556}") = "MultiShop.Order.Persistence", "Services\Order\Infrastructure\MultiShop.Order.Persistence\MultiShop.Order.Persistence.csproj", "{BDFC35AB-5E50-4EC6-A456-56270618CCC0}"
EndProject
Project("{9A19103F-16F7-4668-BE54-9A1E7A4F7556}") = "MultiShop.Order.WepApi", "Services\Order\Presentation\MultiShop.Order.WepApi\MultiShop.Order.WepApi.csproj", "{07F94521-C189-4B92-9C0F-2EBA32A7662E}"
EndProject
Project("{2150E333-8FDC-42A3-9474-1A3956D46DE8}") = "IdentityServer", "IdentityServer", "{70ABA484-C381-4105-89DB-6C226B1C5E9F}"
EndProject
Project("{9A19103F-16F7-4668-BE54-9A1E7A4F7556}") = "MultiShop.IdentityServer", "IdentityServer\MultiShop.IdentityServer\MultiShop.IdentityServer.csproj", "{A73A4981-4355-4C53-8AC0-BA08BCD80BF2}"
EndProject
Project("{2150E333-8FDC-42A3-9474-1A3956D46DE8}") = "Cargo", "Cargo", "{BF8BEF5C-A643-4265-AEAF-EDA50B35CF67}"
EndProject
Project("{FAE04EC0-301F-11D3-BF4B-00C04F79EFBC}") = "MultiShop.Cargo.EntityLayer", "Services\Cargo\MultiShop.Cargo.EntityLayer\MultiShop.Cargo.EntityLayer.csproj", "{F8F9BE73-4817-4A78-B00E-3FE3213526BD}"
EndProject
Project("{FAE04EC0-301F-11D3-BF4B-00C04F79EFBC}") = "MultiShop.Cargo.BusinessLayer", "Services\Cargo\MultiShop.Cargo.BusinessLayer\MultiShop.Cargo.BusinessLayer.csproj", "{F74AE73E-1BB3-42FE-8C1E-32C3D562C6ED}"
EndProject
Project("{FAE04EC0-301F-11D3-BF4B-00C04F79EFBC}") = "MultiShop.Cargo.DataAccessLayer", "Services\Cargo\MultiShop.Cargo.DataAccessLayer\MultiShop.Cargo.DataAccessLayer.csproj", "{B4EB4D28-4975-4014-BCF8-574FEAE84BCD}"
EndProject
Project("{FAE04EC0-301F-11D3-BF4B-00C04F79EFBC}") = "MultiShop.Cargo.DtoLayer", "Services\Cargo\MultiShop.Cargo.DtoLayer\MultiShop.Cargo.DtoLayer.csproj", "{9E332438-842F-44DA-8009-512A8AB54F09}"
EndProject
Project("{FAE04EC0-301F-11D3-BF4B-00C04F79EFBC}") = "MultiShop.Cargo.WebApi", "Services\Cargo\MultiShop.Cargo.WebApi\MultiShop.Cargo.WebApi.csproj", "{4D6BD465-DD7A-4425-AA97-F4B206622632}"
EndProject
Project("{2150E333-8FDC-42A3-9474-1A3956D46DE8}") = "Basket", "Basket", "{B78AF051-BF07-42EF-8630-1D0CA53696F1}"
EndProject
Project("{FAE04EC0-301F-11D3-BF4B-00C04F79EFBC}") = "MultiShop.Basket", "Basket\MultiShop.Basket\MultiShop.Basket.csproj", "{8EB6D5E0-9536-4799-94F3-B65BB09DCD20}"
EndProject
Project("{2150E333-8FDC-42A3-9474-1A3956D46DE8}") = "Frontends", "Frontends", "{CF964EE0-AD84-4392-96BA-80B1397BA760}"
EndProject
Project("{FAE04EC0-301F-11D3-BF4B-00C04F79EFBC}") = "MultiShop.WebUI", "Frontends\MultiShop.WebUI\MultiShop.WebUI.csproj", "{6DAC026C-1321-4B32-A49D-45A0ED98D93B}"
EndProject
Global
	GlobalSection(SolutionConfigurationPlatforms) = preSolution
		Debug|Any CPU = Debug|Any CPU
		Release|Any CPU = Release|Any CPU
	EndGlobalSection
	GlobalSection(ProjectConfigurationPlatforms) = postSolution
		{A240B0FB-F917-49FC-834D-6B6B399804E4}.Debug|Any CPU.ActiveCfg = Debug|Any CPU
		{A240B0FB-F917-49FC-834D-6B6B399804E4}.Debug|Any CPU.Build.0 = Debug|Any CPU
		{A240B0FB-F917-49FC-834D-6B6B399804E4}.Release|Any CPU.ActiveCfg = Release|Any CPU
		{A240B0FB-F917-49FC-834D-6B6B399804E4}.Release|Any CPU.Build.0 = Release|Any CPU
		{123BABD5-04F5-4E7E-8A97-E4F812A760ED}.Debug|Any CPU.ActiveCfg = Debug|Any CPU
		{123BABD5-04F5-4E7E-8A97-E4F812A760ED}.Debug|Any CPU.Build.0 = Debug|Any CPU
		{123BABD5-04F5-4E7E-8A97-E4F812A760ED}.Release|Any CPU.ActiveCfg = Release|Any CPU
		{123BABD5-04F5-4E7E-8A97-E4F812A760ED}.Release|Any CPU.Build.0 = Release|Any CPU
		{58C37D32-D9D7-4892-87E5-D62E9F75A6BF}.Debug|Any CPU.ActiveCfg = Debug|Any CPU
		{58C37D32-D9D7-4892-87E5-D62E9F75A6BF}.Debug|Any CPU.Build.0 = Debug|Any CPU
		{58C37D32-D9D7-4892-87E5-D62E9F75A6BF}.Release|Any CPU.ActiveCfg = Release|Any CPU
		{58C37D32-D9D7-4892-87E5-D62E9F75A6BF}.Release|Any CPU.Build.0 = Release|Any CPU
		{F4B810D1-DA80-463C-8095-7CE1DF1CE09B}.Debug|Any CPU.ActiveCfg = Debug|Any CPU
		{F4B810D1-DA80-463C-8095-7CE1DF1CE09B}.Debug|Any CPU.Build.0 = Debug|Any CPU
		{F4B810D1-DA80-463C-8095-7CE1DF1CE09B}.Release|Any CPU.ActiveCfg = Release|Any CPU
		{F4B810D1-DA80-463C-8095-7CE1DF1CE09B}.Release|Any CPU.Build.0 = Release|Any CPU
		{BDFC35AB-5E50-4EC6-A456-56270618CCC0}.Debug|Any CPU.ActiveCfg = Debug|Any CPU
		{BDFC35AB-5E50-4EC6-A456-56270618CCC0}.Debug|Any CPU.Build.0 = Debug|Any CPU
		{BDFC35AB-5E50-4EC6-A456-56270618CCC0}.Release|Any CPU.ActiveCfg = Release|Any CPU
		{BDFC35AB-5E50-4EC6-A456-56270618CCC0}.Release|Any CPU.Build.0 = Release|Any CPU
		{07F94521-C189-4B92-9C0F-2EBA32A7662E}.Debug|Any CPU.ActiveCfg = Debug|Any CPU
		{07F94521-C189-4B92-9C0F-2EBA32A7662E}.Debug|Any CPU.Build.0 = Debug|Any CPU
		{07F94521-C189-4B92-9C0F-2EBA32A7662E}.Release|Any CPU.ActiveCfg = Release|Any CPU
		{07F94521-C189-4B92-9C0F-2EBA32A7662E}.Release|Any CPU.Build.0 = Release|Any CPU
		{A73A4981-4355-4C53-8AC0-BA08BCD80BF2}.Debug|Any CPU.ActiveCfg = Debug|Any CPU
		{A73A4981-4355-4C53-8AC0-BA08BCD80BF2}.Debug|Any CPU.Build.0 = Debug|Any CPU
		{A73A4981-4355-4C53-8AC0-BA08BCD80BF2}.Release|Any CPU.ActiveCfg = Release|Any CPU
		{A73A4981-4355-4C53-8AC0-BA08BCD80BF2}.Release|Any CPU.Build.0 = Release|Any CPU
		{F8F9BE73-4817-4A78-B00E-3FE3213526BD}.Debug|Any CPU.ActiveCfg = Debug|Any CPU
		{F8F9BE73-4817-4A78-B00E-3FE3213526BD}.Debug|Any CPU.Build.0 = Debug|Any CPU
		{F8F9BE73-4817-4A78-B00E-3FE3213526BD}.Release|Any CPU.ActiveCfg = Release|Any CPU
		{F8F9BE73-4817-4A78-B00E-3FE3213526BD}.Release|Any CPU.Build.0 = Release|Any CPU
		{F74AE73E-1BB3-42FE-8C1E-32C3D562C6ED}.Debug|Any CPU.ActiveCfg = Debug|Any CPU
		{F74AE73E-1BB3-42FE-8C1E-32C3D562C6ED}.Debug|Any CPU.Build.0 = Debug|Any CPU
		{F74AE73E-1BB3-42FE-8C1E-32C3D562C6ED}.Release|Any CPU.ActiveCfg = Release|Any CPU
		{F74AE73E-1BB3-42FE-8C1E-32C3D562C6ED}.Release|Any CPU.Build.0 = Release|Any CPU
		{B4EB4D28-4975-4014-BCF8-574FEAE84BCD}.Debug|Any CPU.ActiveCfg = Debug|Any CPU
		{B4EB4D28-4975-4014-BCF8-574FEAE84BCD}.Debug|Any CPU.Build.0 = Debug|Any CPU
		{B4EB4D28-4975-4014-BCF8-574FEAE84BCD}.Release|Any CPU.ActiveCfg = Release|Any CPU
		{B4EB4D28-4975-4014-BCF8-574FEAE84BCD}.Release|Any CPU.Build.0 = Release|Any CPU
		{9E332438-842F-44DA-8009-512A8AB54F09}.Debug|Any CPU.ActiveCfg = Debug|Any CPU
		{9E332438-842F-44DA-8009-512A8AB54F09}.Debug|Any CPU.Build.0 = Debug|Any CPU
		{9E332438-842F-44DA-8009-512A8AB54F09}.Release|Any CPU.ActiveCfg = Release|Any CPU
		{9E332438-842F-44DA-8009-512A8AB54F09}.Release|Any CPU.Build.0 = Release|Any CPU
		{4D6BD465-DD7A-4425-AA97-F4B206622632}.Debug|Any CPU.ActiveCfg = Debug|Any CPU
		{4D6BD465-DD7A-4425-AA97-F4B206622632}.Debug|Any CPU.Build.0 = Debug|Any CPU
		{4D6BD465-DD7A-4425-AA97-F4B206622632}.Release|Any CPU.ActiveCfg = Release|Any CPU
		{4D6BD465-DD7A-4425-AA97-F4B206622632}.Release|Any CPU.Build.0 = Release|Any CPU
		{8EB6D5E0-9536-4799-94F3-B65BB09DCD20}.Debug|Any CPU.ActiveCfg = Debug|Any CPU
		{8EB6D5E0-9536-4799-94F3-B65BB09DCD20}.Debug|Any CPU.Build.0 = Debug|Any CPU
		{8EB6D5E0-9536-4799-94F3-B65BB09DCD20}.Release|Any CPU.ActiveCfg = Release|Any CPU
		{8EB6D5E0-9536-4799-94F3-B65BB09DCD20}.Release|Any CPU.Build.0 = Release|Any CPU
		{6DAC026C-1321-4B32-A49D-45A0ED98D93B}.Debug|Any CPU.ActiveCfg = Debug|Any CPU
		{6DAC026C-1321-4B32-A49D-45A0ED98D93B}.Debug|Any CPU.Build.0 = Debug|Any CPU
		{6DAC026C-1321-4B32-A49D-45A0ED98D93B}.Release|Any CPU.ActiveCfg = Release|Any CPU
		{6DAC026C-1321-4B32-A49D-45A0ED98D93B}.Release|Any CPU.Build.0 = Release|Any CPU
	EndGlobalSection
	GlobalSection(SolutionProperties) = preSolution
		HideSolutionNode = FALSE
	EndGlobalSection
	GlobalSection(NestedProjects) = preSolution
		{A41EDC0F-AF08-4B7C-83E1-244D59476524} = {899AB82B-8616-4BAB-822E-888DE373A564}
		{A240B0FB-F917-49FC-834D-6B6B399804E4} = {A41EDC0F-AF08-4B7C-83E1-244D59476524}
		{F3757C49-9D3C-43E6-BE6D-025036523C36} = {899AB82B-8616-4BAB-822E-888DE373A564}
		{123BABD5-04F5-4E7E-8A97-E4F812A760ED} = {F3757C49-9D3C-43E6-BE6D-025036523C36}
		{586D2F6E-B583-4243-BF02-098F9AC39F1B} = {899AB82B-8616-4BAB-822E-888DE373A564}
		{3A1CD670-89DA-46BC-BDA5-AE637D0E7128} = {586D2F6E-B583-4243-BF02-098F9AC39F1B}
		{53E44017-B55C-4E56-A0AF-AB55D05C61B0} = {586D2F6E-B583-4243-BF02-098F9AC39F1B}
		{E7ED1ABB-C4F5-40BD-BEB1-2C9202AFDACF} = {586D2F6E-B583-4243-BF02-098F9AC39F1B}
		{58C37D32-D9D7-4892-87E5-D62E9F75A6BF} = {3A1CD670-89DA-46BC-BDA5-AE637D0E7128}
		{F4B810D1-DA80-463C-8095-7CE1DF1CE09B} = {3A1CD670-89DA-46BC-BDA5-AE637D0E7128}
		{BDFC35AB-5E50-4EC6-A456-56270618CCC0} = {53E44017-B55C-4E56-A0AF-AB55D05C61B0}
		{07F94521-C189-4B92-9C0F-2EBA32A7662E} = {E7ED1ABB-C4F5-40BD-BEB1-2C9202AFDACF}
		{A73A4981-4355-4C53-8AC0-BA08BCD80BF2} = {70ABA484-C381-4105-89DB-6C226B1C5E9F}
		{BF8BEF5C-A643-4265-AEAF-EDA50B35CF67} = {899AB82B-8616-4BAB-822E-888DE373A564}
		{F8F9BE73-4817-4A78-B00E-3FE3213526BD} = {BF8BEF5C-A643-4265-AEAF-EDA50B35CF67}
		{F74AE73E-1BB3-42FE-8C1E-32C3D562C6ED} = {BF8BEF5C-A643-4265-AEAF-EDA50B35CF67}
		{B4EB4D28-4975-4014-BCF8-574FEAE84BCD} = {BF8BEF5C-A643-4265-AEAF-EDA50B35CF67}
		{9E332438-842F-44DA-8009-512A8AB54F09} = {BF8BEF5C-A643-4265-AEAF-EDA50B35CF67}
		{4D6BD465-DD7A-4425-AA97-F4B206622632} = {BF8BEF5C-A643-4265-AEAF-EDA50B35CF67}
		{B78AF051-BF07-42EF-8630-1D0CA53696F1} = {899AB82B-8616-4BAB-822E-888DE373A564}
		{8EB6D5E0-9536-4799-94F3-B65BB09DCD20} = {B78AF051-BF07-42EF-8630-1D0CA53696F1}
		{6DAC026C-1321-4B32-A49D-45A0ED98D93B} = {CF964EE0-AD84-4392-96BA-80B1397BA760}
	EndGlobalSection
	GlobalSection(ExtensibilityGlobals) = postSolution
		SolutionGuid = {8CE7F4CA-EE27-40AB-81CF-D8622BE9F105}
	EndGlobalSection
EndGlobal
