
Microsoft Visual Studio Solution File, Format Version 12.00
# Visual Studio Version 17
VisualStudioVersion = 17.7.34024.191
MinimumVisualStudioVersion = 10.0.40219.1
Project("{2150E333-8FDC-42A3-9474-1A3956D46DE8}") = "Services", "Services", "{899AB82B-8616-4BAB-822E-888DE373A564}"
EndProject
Project("{2150E333-8FDC-42A3-9474-1A3956D46DE8}") = "Catalog", "Catalog", "{A41EDC0F-AF08-4B7C-83E1-244D59476524}"
EndProject
Project("{9A19103F-16F7-4668-BE54-9A1E7A4F7556}") = "MultiShop.Catalog", "Services\Catalog\MultiShop.Catalog\MultiShop.Catalog.csproj", "{A240B0FB-F917-49FC-834D-6B6B399804E4}"
EndProject
Project("{2150E333-8FDC-42A3-9474-1A3956D46DE8}") = "Discount", "Discount", "{F3757C49-9D3C-43E6-BE6D-025036523C36}"
EndProject
Project("{FAE04EC0-301F-11D3-BF4B-00C04F79EFBC}") = "MultiShop.Discount", "Services\Discount\MultiShop.Discount\MultiShop.Discount.csproj", "{123BABD5-04F5-4E7E-8A97-E4F812A760ED}"
EndProject
Project("{2150E333-8FDC-42A3-9474-1A3956D46DE8}") = "Order", "Order", "{586D2F6E-B583-4243-BF02-098F9AC39F1B}"
EndProject
Project("{2150E333-8FDC-42A3-9474-1A3956D46DE8}") = "Core", "Core", "{3A1CD670-89DA-46BC-BDA5-AE637D0E7128}"
EndProject
Project("{2150E333-8FDC-42A3-9474-1A3956D46DE8}") = "Infrastructure", "Infrastructure", "{53E44017-B55C-4E56-A0AF-AB55D05C61B0}"
EndProject
Project("{2150E333-8FDC-42A3-9474-1A3956D46DE8}") = "Presentation", "Presentation", "{E7ED1ABB-C4F5-40BD-BEB1-2C9202AFDACF}"
EndProject
Project("{FAE04EC0-301F-11D3-BF4B-00C04F79EFBC}") = "MultiShop.Order.Domain", "Services\Order\Core\MultiShop.Order.Domain\MultiShop.Order.Domain.csproj", "{58C37D32-D9D7-4892-87E5-D62E9F75A6BF}"
EndProject
Project("{FAE04EC0-301F-11D3-BF4B-00C04F79EFBC}") = "MultiShop.Order.Application", "Services\Order\Core\MultiShop.Order.Application\MultiShop.Order.Application.csproj", "{F4B810D1-DA80-463C-8095-7CE1DF1CE09B}"
EndProject
Project("{FAE04EC0-301F-11D3-BF4B-00C04F79EFBC}") = "MultiShop.Order.Persistence", "Services\Order\Infrastructure\MultiShop.Order.Persistence\MultiShop.Order.Persistence.csproj", "{BDFC35AB-5E50-4EC6-A456-56270618CCC0}"
EndProject
Project("{FAE04EC0-301F-11D3-BF4B-00C04F79EFBC}") = "MultiShop.Order.WepApi", "Services\Order\Presentation\MultiShop.Order.WepApi\MultiShop.Order.WepApi.csproj", "{07F94521-C189-4B92-9C0F-2EBA32A7662E}"
EndProject
Global
	GlobalSection(SolutionConfigurationPlatforms) = preSolution
		Debug|Any CPU = Debug|Any CPU
		Release|Any CPU = Release|Any CPU
	EndGlobalSection
	GlobalSection(ProjectConfigurationPlatforms) = postSolution
		{A240B0FB-F917-49FC-834D-6B6B399804E4}.Debug|Any CPU.ActiveCfg = Debug|Any CPU
		{A240B0FB-F917-49FC-834D-6B6B399804E4}.Debug|Any CPU.Build.0 = Debug|Any CPU
		{A240B0FB-F917-49FC-834D-6B6B399804E4}.Release|Any CPU.ActiveCfg = Release|Any CPU
		{A240B0FB-F917-49FC-834D-6B6B399804E4}.Release|Any CPU.Build.0 = Release|Any CPU
		{123BABD5-04F5-4E7E-8A97-E4F812A760ED}.Debug|Any CPU.ActiveCfg = Debug|Any CPU
		{123BABD5-04F5-4E7E-8A97-E4F812A760ED}.Debug|Any CPU.Build.0 = Debug|Any CPU
		{123BABD5-04F5-4E7E-8A97-E4F812A760ED}.Release|Any CPU.ActiveCfg = Release|Any CPU
		{123BABD5-04F5-4E7E-8A97-E4F812A760ED}.Release|Any CPU.Build.0 = Release|Any CPU
		{58C37D32-D9D7-4892-87E5-D62E9F75A6BF}.Debug|Any CPU.ActiveCfg = Debug|Any CPU
		{58C37D32-D9D7-4892-87E5-D62E9F75A6BF}.Debug|Any CPU.Build.0 = Debug|Any CPU
		{58C37D32-D9D7-4892-87E5-D62E9F75A6BF}.Release|Any CPU.ActiveCfg = Release|Any CPU
		{58C37D32-D9D7-4892-87E5-D62E9F75A6BF}.Release|Any CPU.Build.0 = Release|Any CPU
		{F4B810D1-DA80-463C-8095-7CE1DF1CE09B}.Debug|Any CPU.ActiveCfg = Debug|Any CPU
		{F4B810D1-DA80-463C-8095-7CE1DF1CE09B}.Debug|Any CPU.Build.0 = Debug|Any CPU
		{F4B810D1-DA80-463C-8095-7CE1DF1CE09B}.Release|Any CPU.ActiveCfg = Release|Any CPU
		{F4B810D1-DA80-463C-8095-7CE1DF1CE09B}.Release|Any CPU.Build.0 = Release|Any CPU
		{BDFC35AB-5E50-4EC6-A456-56270618CCC0}.Debug|Any CPU.ActiveCfg = Debug|Any CPU
		{BDFC35AB-5E50-4EC6-A456-56270618CCC0}.Debug|Any CPU.Build.0 = Debug|Any CPU
		{BDFC35AB-5E50-4EC6-A456-56270618CCC0}.Release|Any CPU.ActiveCfg = Release|Any CPU
		{BDFC35AB-5E50-4EC6-A456-56270618CCC0}.Release|Any CPU.Build.0 = Release|Any CPU
		{07F94521-C189-4B92-9C0F-2EBA32A7662E}.Debug|Any CPU.ActiveCfg = Debug|Any CPU
		{07F94521-C189-4B92-9C0F-2EBA32A7662E}.Debug|Any CPU.Build.0 = Debug|Any CPU
		{07F94521-C189-4B92-9C0F-2EBA32A7662E}.Release|Any CPU.ActiveCfg = Release|Any CPU
		{07F94521-C189-4B92-9C0F-2EBA32A7662E}.Release|Any CPU.Build.0 = Release|Any CPU
	EndGlobalSection
	GlobalSection(SolutionProperties) = preSolution
		HideSolutionNode = FALSE
	EndGlobalSection
	GlobalSection(NestedProjects) = preSolution
		{A41EDC0F-AF08-4B7C-83E1-244D59476524} = {899AB82B-8616-4BAB-822E-888DE373A564}
		{A240B0FB-F917-49FC-834D-6B6B399804E4} = {A41EDC0F-AF08-4B7C-83E1-244D59476524}
		{F3757C49-9D3C-43E6-BE6D-025036523C36} = {899AB82B-8616-4BAB-822E-888DE373A564}
		{123BABD5-04F5-4E7E-8A97-E4F812A760ED} = {F3757C49-9D3C-43E6-BE6D-025036523C36}
		{586D2F6E-B583-4243-BF02-098F9AC39F1B} = {899AB82B-8616-4BAB-822E-888DE373A564}
		{3A1CD670-89DA-46BC-BDA5-AE637D0E7128} = {586D2F6E-B583-4243-BF02-098F9AC39F1B}
		{53E44017-B55C-4E56-A0AF-AB55D05C61B0} = {586D2F6E-B583-4243-BF02-098F9AC39F1B}
		{E7ED1ABB-C4F5-40BD-BEB1-2C9202AFDACF} = {586D2F6E-B583-4243-BF02-098F9AC39F1B}
		{58C37D32-D9D7-4892-87E5-D62E9F75A6BF} = {3A1CD670-89DA-46BC-BDA5-AE637D0E7128}
		{F4B810D1-DA80-463C-8095-7CE1DF1CE09B} = {3A1CD670-89DA-46BC-BDA5-AE637D0E7128}
		{BDFC35AB-5E50-4EC6-A456-56270618CCC0} = {53E44017-B55C-4E56-A0AF-AB55D05C61B0}
		{07F94521-C189-4B92-9C0F-2EBA32A7662E} = {E7ED1ABB-C4F5-40BD-BEB1-2C9202AFDACF}
	EndGlobalSection
	GlobalSection(ExtensibilityGlobals) = postSolution
		SolutionGuid = {8CE7F4CA-EE27-40AB-81CF-D8622BE9F105}
	EndGlobalSection
EndGlobal
